
Microsoft Visual Studio Solution File, Format Version 12.00
# Visual Studio 14
VisualStudioVersion = 14.0.24720.0
MinimumVisualStudioVersion = 10.0.40219.1
Project("{FAE04EC0-301F-11D3-BF4B-00C04F79EFBC}") = "Client", "Client\Client.csproj", "{B389DF70-5E55-4B47-9FAE-3EFE0F0A9858}"
EndProject
Project("{FAE04EC0-301F-11D3-BF4B-00C04F79EFBC}") = "Server", "Server\Server.csproj", "{7C70FC62-90F0-4259-B973-71F51E31A13D}"
EndProject
Project("{D954291E-2A0B-460D-934E-DC6B0785DB48}") = "Shared", "Shared\Shared.shproj", "{B9DCDB03-DBDE-4313-91AF-10F8E4A77529}"
EndProject
Global
	GlobalSection(SharedMSBuildProjectFiles) = preSolution
		Shared\Shared.projitems*{7c70fc62-90f0-4259-b973-71f51e31a13d}*SharedItemsImports = 4
		Shared\Shared.projitems*{b389df70-5e55-4b47-9fae-3efe0f0a9858}*SharedItemsImports = 4
		Shared\Shared.projitems*{b9dcdb03-dbde-4313-91af-10f8e4a77529}*SharedItemsImports = 13
	EndGlobalSection
	GlobalSection(SolutionConfigurationPlatforms) = preSolution
		Debug|Any CPU = Debug|Any CPU
		Release|Any CPU = Release|Any CPU
	EndGlobalSection
	GlobalSection(ProjectConfigurationPlatforms) = postSolution
		{B389DF70-5E55-4B47-9FAE-3EFE0F0A9858}.Debug|Any CPU.ActiveCfg = Debug|Any CPU
		{B389DF70-5E55-4B47-9FAE-3EFE0F0A9858}.Debug|Any CPU.Build.0 = Debug|Any CPU
		{B389DF70-5E55-4B47-9FAE-3EFE0F0A9858}.Release|Any CPU.ActiveCfg = Release|Any CPU
		{B389DF70-5E55-4B47-9FAE-3EFE0F0A9858}.Release|Any CPU.Build.0 = Release|Any CPU
		{7C70FC62-90F0-4259-B973-71F51E31A13D}.Debug|Any CPU.ActiveCfg = Debug|Any CPU
		{7C70FC62-90F0-4259-B973-71F51E31A13D}.Debug|Any CPU.Build.0 = Debug|Any CPU
		{7C70FC62-90F0-4259-B973-71F51E31A13D}.Release|Any CPU.ActiveCfg = Release|Any CPU
		{7C70FC62-90F0-4259-B973-71F51E31A13D}.Release|Any CPU.Build.0 = Release|Any CPU
	EndGlobalSection
	GlobalSection(SolutionProperties) = preSolution
		HideSolutionNode = FALSE
	EndGlobalSection
EndGlobal
